// !$*UTF8*$!
{
	archiveVersion = 1;
	classes = {
	};
	objectVersion = 46;
	objects = {

/* Begin PBXBuildFile section */
		393D4A62156BF8390079B058 /* Foundation.framework in Frameworks */ = {isa = PBXBuildFile; fileRef = 393D4A61156BF8390079B058 /* Foundation.framework */; };
		393D4A65156BF8390079B058 /* main.m in Sources */ = {isa = PBXBuildFile; fileRef = 393D4A64156BF8390079B058 /* main.m */; };
		393D4A69156BF8390079B058 /* nsarray.1 in CopyFiles */ = {isa = PBXBuildFile; fileRef = 393D4A68156BF8390079B058 /* nsarray.1 */; };
/* End PBXBuildFile section */

/* Begin PBXCopyFilesBuildPhase section */
		393D4A5B156BF8390079B058 /* CopyFiles */ = {
			isa = PBXCopyFilesBuildPhase;
			buildActionMask = 2147483647;
			dstPath = /usr/share/man/man1/;
			dstSubfolderSpec = 0;
			files = (
				393D4A69156BF8390079B058 /* nsarray.1 in CopyFiles */,
			);
			runOnlyForDeploymentPostprocessing = 1;
		};
/* End PBXCopyFilesBuildPhase section */

/* Begin PBXFileReference section */
		393D4A5D156BF8390079B058 /* nsarray */ = {isa = PBXFileReference; explicitFileType = "compiled.mach-o.executable"; includeInIndex = 0; path = nsarray; sourceTree = BUILT_PRODUCTS_DIR; };
		393D4A61156BF8390079B058 /* Foundation.framework */ = {isa = PBXFileReference; lastKnownFileType = wrapper.framework; name = Foundation.framework; path = System/Library/Frameworks/Foundation.framework; sourceTree = SDKROOT; };
		393D4A64156BF8390079B058 /* main.m */ = {isa = PBXFileReference; lastKnownFileType = sourcecode.c.objc; path = main.m; sourceTree = "<group>"; };
		393D4A67156BF8390079B058 /* nsarray-Prefix.pch */ = {isa = PBXFileReference; lastKnownFileType = sourcecode.c.h; path = "nsarray-Prefix.pch"; sourceTree = "<group>"; };
		393D4A68156BF8390079B058 /* nsarray.1 */ = {isa = PBXFileReference; lastKnownFileType = text.man; path = nsarray.1; sourceTree = "<group>"; };
/* End PBXFileReference section */

/* Begin PBXFrameworksBuildPhase section */
		393D4A5A156BF8390079B058 /* Frameworks */ = {
			isa = PBXFrameworksBuildPhase;
			buildActionMask = 2147483647;
			files = (
				393D4A62156BF8390079B058 /* Foundation.framework in Frameworks */,
			);
			runOnlyForDeploymentPostprocessing = 0;
		};
/* End PBXFrameworksBuildPhase section */

/* Begin PBXGroup section */
		393D4A52156BF8390079B058 = {
			isa = PBXGroup;
			children = (
				393D4A63156BF8390079B058 /* nsarray */,
				393D4A60156BF8390079B058 /* Frameworks */,
				393D4A5E156BF8390079B058 /* Products */,
			);
			sourceTree = "<group>";
		};
		393D4A5E156BF8390079B058 /* Products */ = {
			isa = PBXGroup;
			children = (
				393D4A5D156BF8390079B058 /* nsarray */,
			);
			name = Products;
			sourceTree = "<group>";
		};
		393D4A60156BF8390079B058 /* Frameworks */ = {
			isa = PBXGroup;
			children = (
				393D4A61156BF8390079B058 /* Foundation.framework */,
			);
			name = Frameworks;
			sourceTree = "<group>";
		};
		393D4A63156BF8390079B058 /* nsarray */ = {
			isa = PBXGroup;
			children = (
				393D4A64156BF8390079B058 /* main.m */,
				393D4A68156BF8390079B058 /* nsarray.1 */,
				393D4A66156BF8390079B058 /* Supporting Files */,
			);
			path = nsarray;
			sourceTree = "<group>";
		};
		393D4A66156BF8390079B058 /* Supporting Files */ = {
			isa = PBXGroup;
			children = (
				393D4A67156BF8390079B058 /* nsarray-Prefix.pch */,
			);
			name = "Supporting Files";
			sourceTree = "<group>";
		};
/* End PBXGroup section */

/* Begin PBXNativeTarget section */
		393D4A5C156BF8390079B058 /* nsarray */ = {
			isa = PBXNativeTarget;
			buildConfigurationList = 393D4A6C156BF8390079B058 /* Build configuration list for PBXNativeTarget "nsarray" */;
			buildPhases = (
				393D4A59156BF8390079B058 /* Sources */,
				393D4A5A156BF8390079B058 /* Frameworks */,
				393D4A5B156BF8390079B058 /* CopyFiles */,
			);
			buildRules = (
			);
			dependencies = (
			);
			name = nsarray;
			productName = nsarray;
			productReference = 393D4A5D156BF8390079B058 /* nsarray */;
			productType = "com.apple.product-type.tool";
		};
/* End PBXNativeTarget section */

/* Begin PBXProject section */
		393D4A54156BF8390079B058 /* Project object */ = {
			isa = PBXProject;
			attributes = {
				LastUpgradeCheck = 0430;
			};
			buildConfigurationList = 393D4A57156BF8390079B058 /* Build configuration list for PBXProject "nsarray" */;
			compatibilityVersion = "Xcode 3.2";
			developmentRegion = English;
			hasScannedForEncodings = 0;
			knownRegions = (
				en,
			);
			mainGroup = 393D4A52156BF8390079B058;
			productRefGroup = 393D4A5E156BF8390079B058 /* Products */;
			projectDirPath = "";
			projectRoot = "";
			targets = (
				393D4A5C156BF8390079B058 /* nsarray */,
			);
		};
/* End PBXProject section */

/* Begin PBXSourcesBuildPhase section */
		393D4A59156BF8390079B058 /* Sources */ = {
			isa = PBXSourcesBuildPhase;
			buildActionMask = 2147483647;
			files = (
				393D4A65156BF8390079B058 /* main.m in Sources */,
			);
			runOnlyForDeploymentPostprocessing = 0;
		};
/* End PBXSourcesBuildPhase section */

/* Begin XCBuildConfiguration section */
		393D4A6A156BF8390079B058 /* Debug */ = {
			isa = XCBuildConfiguration;
			buildSettings = {
				ALWAYS_SEARCH_USER_PATHS = NO;
				ARCHS = "$(ARCHS_STANDARD_64_BIT)";
				CLANG_ENABLE_OBJC_ARC = YES;
				COPY_PHASE_STRIP = NO;
				GCC_C_LANGUAGE_STANDARD = gnu99;
				GCC_DYNAMIC_NO_PIC = NO;
				GCC_ENABLE_OBJC_EXCEPTIONS = YES;
				GCC_OPTIMIZATION_LEVEL = 0;
				GCC_PREPROCESSOR_DEFINITIONS = (
					"DEBUG=1",
					"$(inherited)",
				);
				GCC_SYMBOLS_PRIVATE_EXTERN = NO;
				GCC_VERSION = com.apple.compilers.llvm.clang.1_0;
				GCC_WARN_64_TO_32_BIT_CONVERSION = YES;
				GCC_WARN_ABOUT_RETURN_TYPE = YES;
				GCC_WARN_UNINITIALIZED_AUTOS = YES;
				GCC_WARN_UNUSED_VARIABLE = YES;
				MACOSX_DEPLOYMENT_TARGET = 10.7;
				ONLY_ACTIVE_ARCH = YES;
				SDKROOT = macosx;
			};
			name = Debug;
		};
		393D4A6B156BF8390079B058 /* Release */ = {
			isa = XCBuildConfiguration;
			buildSettings = {
				ALWAYS_SEARCH_USER_PATHS = NO;
				ARCHS = "$(ARCHS_STANDARD_64_BIT)";
				CLANG_ENABLE_OBJC_ARC = YES;
				COPY_PHASE_STRIP = YES;
				DEBUG_INFORMATION_FORMAT = "dwarf-with-dsym";
				GCC_C_LANGUAGE_STANDARD = gnu99;
				GCC_ENABLE_OBJC_EXCEPTIONS = YES;
				GCC_VERSION = com.apple.compilers.llvm.clang.1_0;
				GCC_WARN_64_TO_32_BIT_CONVERSION = YES;
				GCC_WARN_ABOUT_RETURN_TYPE = YES;
				GCC_WARN_UNINITIALIZED_AUTOS = YES;
				GCC_WARN_UNUSED_VARIABLE = YES;
				MACOSX_DEPLOYMENT_TARGET = 10.7;
				SDKROOT = macosx;
			};
			name = Release;
		};
		393D4A6D156BF8390079B058 /* Debug */ = {
			isa = XCBuildConfiguration;
			buildSettings = {
				GCC_PRECOMPILE_PREFIX_HEADER = YES;
				GCC_PREFIX_HEADER = "nsarray/nsarray-Prefix.pch";
				PRODUCT_NAME = "$(TARGET_NAME)";
			};
			name = Debug;
		};
		393D4A6E156BF8390079B058 /* Release */ = {
			isa = XCBuildConfiguration;
			buildSettings = {
				GCC_PRECOMPILE_PREFIX_HEADER = YES;
				GCC_PREFIX_HEADER = "nsarray/nsarray-Prefix.pch";
				PRODUCT_NAME = "$(TARGET_NAME)";
			};
			name = Release;
		};
/* End XCBuildConfiguration section */

/* Begin XCConfigurationList section */
		393D4A57156BF8390079B058 /* Build configuration list for PBXProject "nsarray" */ = {
			isa = XCConfigurationList;
			buildConfigurations = (
				393D4A6A156BF8390079B058 /* Debug */,
				393D4A6B156BF8390079B058 /* Release */,
			);
			defaultConfigurationIsVisible = 0;
			defaultConfigurationName = Release;
		};
		393D4A6C156BF8390079B058 /* Build configuration list for PBXNativeTarget "nsarray" */ = {
			isa = XCConfigurationList;
			buildConfigurations = (
				393D4A6D156BF8390079B058 /* Debug */,
				393D4A6E156BF8390079B058 /* Release */,
			);
			defaultConfigurationIsVisible = 0;
		};
/* End XCConfigurationList section */
	};
	rootObject = 393D4A54156BF8390079B058 /* Project object */;
}
