// !$*UTF8*$!
{
	archiveVersion = 1;
	classes = {
	};
	objectVersion = 46;
	objects = {

/* Begin PBXBuildFile section */
		6316032A1568FD550036247A /* Foundation.framework in Frameworks */ = {isa = PBXBuildFile; fileRef = 631603291568FD550036247A /* Foundation.framework */; };
		6316032D1568FD550036247A /* main.m in Sources */ = {isa = PBXBuildFile; fileRef = 6316032C1568FD550036247A /* main.m */; };
		631603311568FD550036247A /* ARC.1 in CopyFiles */ = {isa = PBXBuildFile; fileRef = 631603301568FD550036247A /* ARC.1 */; };
/* End PBXBuildFile section */

/* Begin PBXCopyFilesBuildPhase section */
		631603231568FD550036247A /* CopyFiles */ = {
			isa = PBXCopyFilesBuildPhase;
			buildActionMask = 2147483647;
			dstPath = /usr/share/man/man1/;
			dstSubfolderSpec = 0;
			files = (
				631603311568FD550036247A /* ARC.1 in CopyFiles */,
			);
			runOnlyForDeploymentPostprocessing = 1;
		};
/* End PBXCopyFilesBuildPhase section */

/* Begin PBXFileReference section */
		631603251568FD550036247A /* ARC */ = {isa = PBXFileReference; explicitFileType = "compiled.mach-o.executable"; includeInIndex = 0; path = ARC; sourceTree = BUILT_PRODUCTS_DIR; };
		631603291568FD550036247A /* Foundation.framework */ = {isa = PBXFileReference; lastKnownFileType = wrapper.framework; name = Foundation.framework; path = System/Library/Frameworks/Foundation.framework; sourceTree = SDKROOT; };
		6316032C1568FD550036247A /* main.m */ = {isa = PBXFileReference; lastKnownFileType = sourcecode.c.objc; path = main.m; sourceTree = "<group>"; };
		6316032F1568FD550036247A /* ARC-Prefix.pch */ = {isa = PBXFileReference; lastKnownFileType = sourcecode.c.h; path = "ARC-Prefix.pch"; sourceTree = "<group>"; };
		631603301568FD550036247A /* ARC.1 */ = {isa = PBXFileReference; lastKnownFileType = text.man; path = ARC.1; sourceTree = "<group>"; };
/* End PBXFileReference section */

/* Begin PBXFrameworksBuildPhase section */
		631603221568FD550036247A /* Frameworks */ = {
			isa = PBXFrameworksBuildPhase;
			buildActionMask = 2147483647;
			files = (
				6316032A1568FD550036247A /* Foundation.framework in Frameworks */,
			);
			runOnlyForDeploymentPostprocessing = 0;
		};
/* End PBXFrameworksBuildPhase section */

/* Begin PBXGroup section */
		6316031A1568FD550036247A = {
			isa = PBXGroup;
			children = (
				6316032B1568FD550036247A /* ARC */,
				631603281568FD550036247A /* Frameworks */,
				631603261568FD550036247A /* Products */,
			);
			sourceTree = "<group>";
		};
		631603261568FD550036247A /* Products */ = {
			isa = PBXGroup;
			children = (
				631603251568FD550036247A /* ARC */,
			);
			name = Products;
			sourceTree = "<group>";
		};
		631603281568FD550036247A /* Frameworks */ = {
			isa = PBXGroup;
			children = (
				631603291568FD550036247A /* Foundation.framework */,
			);
			name = Frameworks;
			sourceTree = "<group>";
		};
		6316032B1568FD550036247A /* ARC */ = {
			isa = PBXGroup;
			children = (
				6316032C1568FD550036247A /* main.m */,
				631603301568FD550036247A /* ARC.1 */,
				6316032E1568FD550036247A /* Supporting Files */,
			);
			path = ARC;
			sourceTree = "<group>";
		};
		6316032E1568FD550036247A /* Supporting Files */ = {
			isa = PBXGroup;
			children = (
				6316032F1568FD550036247A /* ARC-Prefix.pch */,
			);
			name = "Supporting Files";
			sourceTree = "<group>";
		};
/* End PBXGroup section */

/* Begin PBXNativeTarget section */
		631603241568FD550036247A /* ARC */ = {
			isa = PBXNativeTarget;
			buildConfigurationList = 631603341568FD550036247A /* Build configuration list for PBXNativeTarget "ARC" */;
			buildPhases = (
				631603211568FD550036247A /* Sources */,
				631603221568FD550036247A /* Frameworks */,
				631603231568FD550036247A /* CopyFiles */,
			);
			buildRules = (
			);
			dependencies = (
			);
			name = ARC;
			productName = ARC;
			productReference = 631603251568FD550036247A /* ARC */;
			productType = "com.apple.product-type.tool";
		};
/* End PBXNativeTarget section */

/* Begin PBXProject section */
		6316031C1568FD550036247A /* Project object */ = {
			isa = PBXProject;
			attributes = {
				LastUpgradeCheck = 0420;
			};
			buildConfigurationList = 6316031F1568FD550036247A /* Build configuration list for PBXProject "ARC" */;
			compatibilityVersion = "Xcode 3.2";
			developmentRegion = English;
			hasScannedForEncodings = 0;
			knownRegions = (
				en,
			);
			mainGroup = 6316031A1568FD550036247A;
			productRefGroup = 631603261568FD550036247A /* Products */;
			projectDirPath = "";
			projectRoot = "";
			targets = (
				631603241568FD550036247A /* ARC */,
			);
		};
/* End PBXProject section */

/* Begin PBXSourcesBuildPhase section */
		631603211568FD550036247A /* Sources */ = {
			isa = PBXSourcesBuildPhase;
			buildActionMask = 2147483647;
			files = (
				6316032D1568FD550036247A /* main.m in Sources */,
			);
			runOnlyForDeploymentPostprocessing = 0;
		};
/* End PBXSourcesBuildPhase section */

/* Begin XCBuildConfiguration section */
		631603321568FD550036247A /* Debug */ = {
			isa = XCBuildConfiguration;
			buildSettings = {
				ALWAYS_SEARCH_USER_PATHS = NO;
				ARCHS = "$(ARCHS_STANDARD_64_BIT)";
				CLANG_ENABLE_OBJC_ARC = YES;
				COPY_PHASE_STRIP = NO;
				GCC_C_LANGUAGE_STANDARD = gnu99;
				GCC_DYNAMIC_NO_PIC = NO;
				GCC_ENABLE_OBJC_EXCEPTIONS = YES;
				GCC_OPTIMIZATION_LEVEL = 0;
				GCC_PREPROCESSOR_DEFINITIONS = (
					"DEBUG=1",
					"$(inherited)",
				);
				GCC_SYMBOLS_PRIVATE_EXTERN = NO;
				GCC_VERSION = com.apple.compilers.llvm.clang.1_0;
				GCC_WARN_64_TO_32_BIT_CONVERSION = YES;
				GCC_WARN_ABOUT_MISSING_PROTOTYPES = YES;
				GCC_WARN_ABOUT_RETURN_TYPE = YES;
				GCC_WARN_UNUSED_VARIABLE = YES;
				MACOSX_DEPLOYMENT_TARGET = 10.7;
				ONLY_ACTIVE_ARCH = YES;
				SDKROOT = macosx;
			};
			name = Debug;
		};
		631603331568FD550036247A /* Release */ = {
			isa = XCBuildConfiguration;
			buildSettings = {
				ALWAYS_SEARCH_USER_PATHS = NO;
				ARCHS = "$(ARCHS_STANDARD_64_BIT)";
				CLANG_ENABLE_OBJC_ARC = YES;
				COPY_PHASE_STRIP = YES;
				DEBUG_INFORMATION_FORMAT = "dwarf-with-dsym";
				GCC_C_LANGUAGE_STANDARD = gnu99;
				GCC_ENABLE_OBJC_EXCEPTIONS = YES;
				GCC_VERSION = com.apple.compilers.llvm.clang.1_0;
				GCC_WARN_64_TO_32_BIT_CONVERSION = YES;
				GCC_WARN_ABOUT_MISSING_PROTOTYPES = YES;
				GCC_WARN_ABOUT_RETURN_TYPE = YES;
				GCC_WARN_UNUSED_VARIABLE = YES;
				MACOSX_DEPLOYMENT_TARGET = 10.7;
				SDKROOT = macosx;
			};
			name = Release;
		};
		631603351568FD550036247A /* Debug */ = {
			isa = XCBuildConfiguration;
			buildSettings = {
				GCC_PRECOMPILE_PREFIX_HEADER = YES;
				GCC_PREFIX_HEADER = "ARC/ARC-Prefix.pch";
				PRODUCT_NAME = "$(TARGET_NAME)";
			};
			name = Debug;
		};
		631603361568FD550036247A /* Release */ = {
			isa = XCBuildConfiguration;
			buildSettings = {
				GCC_PRECOMPILE_PREFIX_HEADER = YES;
				GCC_PREFIX_HEADER = "ARC/ARC-Prefix.pch";
				PRODUCT_NAME = "$(TARGET_NAME)";
			};
			name = Release;
		};
/* End XCBuildConfiguration section */

/* Begin XCConfigurationList section */
		6316031F1568FD550036247A /* Build configuration list for PBXProject "ARC" */ = {
			isa = XCConfigurationList;
			buildConfigurations = (
				631603321568FD550036247A /* Debug */,
				631603331568FD550036247A /* Release */,
			);
			defaultConfigurationIsVisible = 0;
			defaultConfigurationName = Release;
		};
		631603341568FD550036247A /* Build configuration list for PBXNativeTarget "ARC" */ = {
			isa = XCConfigurationList;
			buildConfigurations = (
				631603351568FD550036247A /* Debug */,
				631603361568FD550036247A /* Release */,
			);
			defaultConfigurationIsVisible = 0;
		};
/* End XCConfigurationList section */
	};
	rootObject = 6316031C1568FD550036247A /* Project object */;
}
